
Microsoft Visual Studio Solution File, Format Version 12.00
# Visual Studio Version 17
VisualStudioVersion = 17.3.32825.248
MinimumVisualStudioVersion = 10.0.40219.1
Project("{FAE04EC0-301F-11D3-BF4B-00C04F79EFBC}") = "Mindbox_Junior_Middle", "Mindbox_Junior_Middle\Mindbox_Junior_Middle.csproj", "{5AFE5B28-166F-4BDB-8BA9-036A7D8925E2}"
EndProject
Project("{FAE04EC0-301F-11D3-BF4B-00C04F79EFBC}") = "Math", "Math\Math.csproj", "{24B1B27D-FA72-45F0-83BD-F1E1C99BAF91}"
EndProject
Global
	GlobalSection(SolutionConfigurationPlatforms) = preSolution
		Debug|Any CPU = Debug|Any CPU
		Release|Any CPU = Release|Any CPU
	EndGlobalSection
	GlobalSection(ProjectConfigurationPlatforms) = postSolution
		{5AFE5B28-166F-4BDB-8BA9-036A7D8925E2}.Debug|Any CPU.ActiveCfg = Debug|Any CPU
		{5AFE5B28-166F-4BDB-8BA9-036A7D8925E2}.Debug|Any CPU.Build.0 = Debug|Any CPU
		{5AFE5B28-166F-4BDB-8BA9-036A7D8925E2}.Release|Any CPU.ActiveCfg = Release|Any CPU
		{5AFE5B28-166F-4BDB-8BA9-036A7D8925E2}.Release|Any CPU.Build.0 = Release|Any CPU
		{24B1B27D-FA72-45F0-83BD-F1E1C99BAF91}.Debug|Any CPU.ActiveCfg = Debug|Any CPU
		{24B1B27D-FA72-45F0-83BD-F1E1C99BAF91}.Debug|Any CPU.Build.0 = Debug|Any CPU
		{24B1B27D-FA72-45F0-83BD-F1E1C99BAF91}.Release|Any CPU.ActiveCfg = Release|Any CPU
		{24B1B27D-FA72-45F0-83BD-F1E1C99BAF91}.Release|Any CPU.Build.0 = Release|Any CPU
	EndGlobalSection
	GlobalSection(SolutionProperties) = preSolution
		HideSolutionNode = FALSE
	EndGlobalSection
	GlobalSection(ExtensibilityGlobals) = postSolution
		SolutionGuid = {2E078126-31B1-4560-A492-EE82199A5C59}
	EndGlobalSection
EndGlobal
